
Microsoft Visual Studio Solution File, Format Version 12.00
# Visual Studio 15
VisualStudioVersion = 15.0.28307.421
MinimumVisualStudioVersion = 10.0.40219.1
Project("{8BC9CEB8-8B4A-11D0-8D11-00A0C91BC942}") = "DynamicLibStringEng", "DynamicLibStringEng\DynamicLibStringEng.vcxproj", "{CA23FBDD-6EB0-49D8-A3FB-346844571EDB}"
EndProject
Global
	GlobalSection(SolutionConfigurationPlatforms) = preSolution
		Debug|x64 = Debug|x64
		Debug|x86 = Debug|x86
		Release|x64 = Release|x64
		Release|x86 = Release|x86
	EndGlobalSection
	GlobalSection(ProjectConfigurationPlatforms) = postSolution
		{CA23FBDD-6EB0-49D8-A3FB-346844571EDB}.Debug|x64.ActiveCfg = Debug|x64
		{CA23FBDD-6EB0-49D8-A3FB-346844571EDB}.Debug|x64.Build.0 = Debug|x64
		{CA23FBDD-6EB0-49D8-A3FB-346844571EDB}.Debug|x86.ActiveCfg = Debug|Win32
		{CA23FBDD-6EB0-49D8-A3FB-346844571EDB}.Debug|x86.Build.0 = Debug|Win32
		{CA23FBDD-6EB0-49D8-A3FB-346844571EDB}.Release|x64.ActiveCfg = Release|x64
		{CA23FBDD-6EB0-49D8-A3FB-346844571EDB}.Release|x64.Build.0 = Release|x64
		{CA23FBDD-6EB0-49D8-A3FB-346844571EDB}.Release|x86.ActiveCfg = Release|Win32
		{CA23FBDD-6EB0-49D8-A3FB-346844571EDB}.Release|x86.Build.0 = Release|Win32
	EndGlobalSection
	GlobalSection(SolutionProperties) = preSolution
		HideSolutionNode = FALSE
	EndGlobalSection
	GlobalSection(ExtensibilityGlobals) = postSolution
		SolutionGuid = {FB7B4150-BA37-4631-A24A-B3E49766A2CD}
	EndGlobalSection
EndGlobal
